
Microsoft Visual Studio Solution File, Format Version 12.00
# Visual Studio 14
VisualStudioVersion = 14.0.25420.1
MinimumVisualStudioVersion = 10.0.40219.1
Project("{8BC9CEB8-8B4A-11D0-8D11-00A0C91BC942}") = "test", "test\test.vcxproj", "{0915F304-C417-4338-BBE1-39352658AB66}"
EndProject
Project("{8BC9CEB8-8B4A-11D0-8D11-00A0C91BC942}") = "removeElement", "removeElement\removeElement.vcxproj", "{AEE39B4E-F91E-4812-969D-FFE6CF000B5C}"
EndProject
Project("{8BC9CEB8-8B4A-11D0-8D11-00A0C91BC942}") = "strSTR", "strSTR\strSTR.vcxproj", "{B580E43A-74F3-4C44-9273-1235BAD10679}"
EndProject
Project("{8BC9CEB8-8B4A-11D0-8D11-00A0C91BC942}") = "insertPos", "insertPos\insertPos.vcxproj", "{791CDBE2-6679-45B1-9D43-8363140D986E}"
EndProject
Project("{8BC9CEB8-8B4A-11D0-8D11-00A0C91BC942}") = "countAndsay", "countAndsay\countAndsay.vcxproj", "{EFE8ED18-324C-48BF-B6BE-B82C33E861DF}"
EndProject
Project("{8BC9CEB8-8B4A-11D0-8D11-00A0C91BC942}") = "MaximumSubarray", "MaximumSubarray\MaximumSubarray.vcxproj", "{3EBDDF71-96C9-4AEC-935D-D7D6354CB1CA}"
EndProject
Project("{8BC9CEB8-8B4A-11D0-8D11-00A0C91BC942}") = "LengthOfLastWord", "LengthOfLastWord\LengthOfLastWord.vcxproj", "{A632B3D9-AFF0-4B7D-A792-FFFAFE8813ED}"
EndProject
Project("{8BC9CEB8-8B4A-11D0-8D11-00A0C91BC942}") = "PlusOne", "PlusOne\PlusOne.vcxproj", "{8BE1F8B3-757B-4828-8109-9035F92684DE}"
EndProject
Project("{8BC9CEB8-8B4A-11D0-8D11-00A0C91BC942}") = "AddBinary", "AddBinary\AddBinary.vcxproj", "{85543D32-AAE8-42D6-93B6-339F8632C99C}"
EndProject
Project("{8BC9CEB8-8B4A-11D0-8D11-00A0C91BC942}") = "Sqrtx", "Sqrtx\Sqrtx.vcxproj", "{75810E14-14AC-4A5F-BA57-F8CE0A6AEE47}"
EndProject
Project("{8BC9CEB8-8B4A-11D0-8D11-00A0C91BC942}") = "score", "score\score.vcxproj", "{8AE56B9C-1590-41F9-9D64-575E78DDC17F}"
EndProject
Project("{8BC9CEB8-8B4A-11D0-8D11-00A0C91BC942}") = "ClimbingStairs", "ClimbingStairs\ClimbingStairs.vcxproj", "{397DDF4D-92D2-4FF7-999B-257D8688EB76}"
EndProject
Project("{8BC9CEB8-8B4A-11D0-8D11-00A0C91BC942}") = "RemoveDuplicate", "RemoveDuplicate\RemoveDuplicate.vcxproj", "{820C7699-63BF-4C00-B60F-8613C6CC4902}"
EndProject
Project("{8BC9CEB8-8B4A-11D0-8D11-00A0C91BC942}") = "mergeArray", "mergeArray\mergeArray.vcxproj", "{8ED5332D-8078-4924-AD84-22C21B4BABD3}"
EndProject
Project("{8BC9CEB8-8B4A-11D0-8D11-00A0C91BC942}") = "SameTree", "SameTree\SameTree.vcxproj", "{D3E44463-AEDE-4D69-A6DA-7948278E3644}"
EndProject
Project("{8BC9CEB8-8B4A-11D0-8D11-00A0C91BC942}") = "score1", "score1\score1.vcxproj", "{35E3D12E-EA0E-4C3A-AFE4-F21B528B1E77}"
EndProject
Project("{8BC9CEB8-8B4A-11D0-8D11-00A0C91BC942}") = "LongestSubstring", "LongestSubstring\LongestSubstring.vcxproj", "{AA45E235-85AC-4F1F-994E-645A40F9B228}"
EndProject
Project("{8BC9CEB8-8B4A-11D0-8D11-00A0C91BC942}") = "PalindromicSubstring", "PalindromicSubstring\PalindromicSubstring.vcxproj", "{BCD8ECAD-C28B-4059-85F4-3C40363257B2}"
EndProject
Project("{8BC9CEB8-8B4A-11D0-8D11-00A0C91BC942}") = "maxArea", "maxArea\maxArea.vcxproj", "{BAC5FE81-5AEC-49B4-BB8A-A217CD3FAE1F}"
EndProject
Project("{8BC9CEB8-8B4A-11D0-8D11-00A0C91BC942}") = "3Sum", "3Sum\3Sum.vcxproj", "{348C5091-F6F1-4A39-922B-294C9A5B7732}"
EndProject
Project("{8BC9CEB8-8B4A-11D0-8D11-00A0C91BC942}") = "3SumClosest", "3SumClosest\3SumClosest.vcxproj", "{3AB24EF2-CD61-4FD9-8A44-7E757A989582}"
EndProject
Project("{8BC9CEB8-8B4A-11D0-8D11-00A0C91BC942}") = "letterCombinations", "letterCombinations\letterCombinations.vcxproj", "{EC2D75E2-D4DA-406F-8B6D-CA00EE03DF46}"
EndProject
Project("{8BC9CEB8-8B4A-11D0-8D11-00A0C91BC942}") = "4Sum", "4Sum\4Sum.vcxproj", "{75984BCD-56C6-486A-A97A-364A74DD801B}"
EndProject
Project("{8BC9CEB8-8B4A-11D0-8D11-00A0C91BC942}") = "GenerateParenthse", "GenerateParenthse\GenerateParenthse.vcxproj", "{43EBDB47-2661-4AAE-86DF-E3F145AAAA53}"
EndProject
Project("{8BC9CEB8-8B4A-11D0-8D11-00A0C91BC942}") = "DivideTwoIntegers", "DivideTwoIntegers\DivideTwoIntegers.vcxproj", "{531ED22C-7AE1-4EE7-BFE4-C5A046D3214A}"
EndProject
Project("{8BC9CEB8-8B4A-11D0-8D11-00A0C91BC942}") = "NextPermutation", "NextPermutation\NextPermutation.vcxproj", "{2949E2CD-BC60-46F2-A985-C1A85F33B750}"
EndProject
Project("{8BC9CEB8-8B4A-11D0-8D11-00A0C91BC942}") = "NumString", "NumString\NumString.vcxproj", "{FF8D04C6-BC36-4EAB-A687-222B6891A7BD}"
EndProject
Project("{8BC9CEB8-8B4A-11D0-8D11-00A0C91BC942}") = "RotatedSortedArray", "RotatedSortedArray\RotatedSortedArray.vcxproj", "{FC2482EE-605D-461B-97C4-01610EE33ECE}"
EndProject
Project("{8BC9CEB8-8B4A-11D0-8D11-00A0C91BC942}") = "SearchForRange", "SearchForRange\SearchForRange.vcxproj", "{DAF274BC-3561-499F-8DF7-24149B472EC3}"
EndProject
Project("{8BC9CEB8-8B4A-11D0-8D11-00A0C91BC942}") = "Sudoku", "Sudoku\Sudoku.vcxproj", "{64BE1F56-A897-4EEF-A306-510210E8E9FE}"
EndProject
Project("{2150E333-8FDC-42A3-9474-1A3956D46DE8}") = "Offer", "Offer", "{C02DAF7C-4856-4762-BCC0-897FC18B875E}"
EndProject
Project("{8BC9CEB8-8B4A-11D0-8D11-00A0C91BC942}") = "Interview_3", "Interview_3\Interview_3.vcxproj", "{6DC8AB1B-97EB-4FF3-80DA-242710827C0D}"
EndProject
Project("{8BC9CEB8-8B4A-11D0-8D11-00A0C91BC942}") = "CombinationSum", "CombinationSum\CombinationSum.vcxproj", "{914AC5F5-7B10-47DB-A8C1-8C2942C75CFC}"
EndProject
Project("{8BC9CEB8-8B4A-11D0-8D11-00A0C91BC942}") = "CombinationSum2", "CombinationSum2\CombinationSum2.vcxproj", "{5509047D-B805-4181-8780-259A7D3225BC}"
EndProject
Project("{8BC9CEB8-8B4A-11D0-8D11-00A0C91BC942}") = "MultiplyStrings", "MultiplyStrings\MultiplyStrings.vcxproj", "{17F36ED2-8219-4930-B1DE-A5D8E7BEBF40}"
EndProject
Project("{8BC9CEB8-8B4A-11D0-8D11-00A0C91BC942}") = "Interview_7", "Interview_7\Interview_7.vcxproj", "{EC64A6D8-F904-4878-9334-4A65D19ACA2C}"
EndProject
Project("{8BC9CEB8-8B4A-11D0-8D11-00A0C91BC942}") = "Permutations", "Permutations\Permutations.vcxproj", "{C7E471E4-F3FE-4997-B93F-83EEDA00CC0E}"
EndProject
Project("{8BC9CEB8-8B4A-11D0-8D11-00A0C91BC942}") = "RotateImage", "RotateImage\RotateImage.vcxproj", "{BE8F87A3-A8EC-489C-AC06-2D287A13FA19}"
EndProject
Project("{8BC9CEB8-8B4A-11D0-8D11-00A0C91BC942}") = "Partition", "Partition\Partition.vcxproj", "{9F05F029-6258-445D-B104-3D49A16611AE}"
EndProject
Project("{8BC9CEB8-8B4A-11D0-8D11-00A0C91BC942}") = "GroupAnagrams", "GroupAnagrams\GroupAnagrams.vcxproj", "{AF9E463F-2F1E-4259-ABA3-5AAEED7768E9}"
EndProject
Project("{8BC9CEB8-8B4A-11D0-8D11-00A0C91BC942}") = "Pow(x,n)", "Pow(x,n)\Pow(x,n).vcxproj", "{0FCFA1A9-AD2E-4FAA-A974-13D8B6C0541D}"
EndProject
Project("{8BC9CEB8-8B4A-11D0-8D11-00A0C91BC942}") = "SpiralMatrix", "SpiralOrder\SpiralOrder.vcxproj", "{5C245069-39DD-4FFA-BB3C-8D6E5A54B244}"
EndProject
Project("{8BC9CEB8-8B4A-11D0-8D11-00A0C91BC942}") = "SpiralMatrix2", "SpiralMatrix2\SpiralMatrix2.vcxproj", "{9A4808AD-E8D8-4721-9D32-81382903652F}"
EndProject
Project("{8BC9CEB8-8B4A-11D0-8D11-00A0C91BC942}") = "JumpGame", "JumpGame\JumpGame.vcxproj", "{557E57AB-8D56-48BE-9164-99E2F73DCE38}"
EndProject
Project("{8BC9CEB8-8B4A-11D0-8D11-00A0C91BC942}") = "MergeIntervals", "MergeIntervals\MergeIntervals.vcxproj", "{9F6429F1-BEA7-47FE-89D7-542444593CE5}"
EndProject
Project("{8BC9CEB8-8B4A-11D0-8D11-00A0C91BC942}") = "Interview_17", "Interview_17\Interview_17.vcxproj", "{72C440DF-E10E-493F-842C-A7B17319E65D}"
EndProject
Project("{8BC9CEB8-8B4A-11D0-8D11-00A0C91BC942}") = "DeleteNodeInLinkedList", "DeleteNodeInLinkedList\DeleteNodeInLinkedList.vcxproj", "{06FD1E77-A800-4755-B2D3-88FD7A9B4888}"
EndProject
Project("{8BC9CEB8-8B4A-11D0-8D11-00A0C91BC942}") = "RemoveLinkedListElement", "RemoveLinkedListElement\RemoveLinkedListElement.vcxproj", "{9C56315D-353D-4A21-9716-755E68F3D948}"
EndProject
Project("{8BC9CEB8-8B4A-11D0-8D11-00A0C91BC942}") = "PalindromeLinkedList", "PalindromeLinkedList\PalindromeLinkedList.vcxproj", "{31874498-5C31-47A1-A8FB-57D699EA6F90}"
EndProject
Project("{8BC9CEB8-8B4A-11D0-8D11-00A0C91BC942}") = "MergeTwoSortedLists", "MergeTwoSortedLists\MergeTwoSortedLists.vcxproj", "{21847FE6-DC51-425E-A2BB-F2DF3D692422}"
EndProject
Project("{8BC9CEB8-8B4A-11D0-8D11-00A0C91BC942}") = "MinStack", "MinStack\MinStack.vcxproj", "{A67D6A4A-3D9B-4496-B44B-D9D2FA152F0B}"
EndProject
Project("{8BC9CEB8-8B4A-11D0-8D11-00A0C91BC942}") = "popOrder", "popOrder\popOrder.vcxproj", "{412B2EF4-0AD8-4B1A-8D92-A90D152FCB51}"
EndProject
Project("{8BC9CEB8-8B4A-11D0-8D11-00A0C91BC942}") = "BinaryTreeZigzagLevelOrder", "BinaryTreeZigzagLevelOrder\BinaryTreeZigzagLevelOrder.vcxproj", "{0D6D2808-6060-481A-90A5-CD103D51B529}"
EndProject
Project("{8BC9CEB8-8B4A-11D0-8D11-00A0C91BC942}") = "ValidateBinartSearchTree", "ValidateBinartSearchTree\ValidateBinartSearchTree.vcxproj", "{6D70EADB-CA6D-424E-8EEE-04532A05F591}"
EndProject
Project("{8BC9CEB8-8B4A-11D0-8D11-00A0C91BC942}") = "KMP", "KMP\KMP.vcxproj", "{EAEB2341-5BCF-4D0B-B1FB-9F1926D9831E}"
EndProject
Project("{8BC9CEB8-8B4A-11D0-8D11-00A0C91BC942}") = "StraightInsertionSort", "StraightInsertionSort\StraightInsertionSort.vcxproj", "{5AF22390-C658-4FB2-93DB-EACF8C7A0E5B}"
EndProject
Project("{8BC9CEB8-8B4A-11D0-8D11-00A0C91BC942}") = "SwapNodesinPairs", "SwapNodesinPairs\SwapNodesinPairs.vcxproj", "{F85B41D4-C886-4AEF-ABEF-1CBF6816417D}"
EndProject
Project("{8BC9CEB8-8B4A-11D0-8D11-00A0C91BC942}") = "QuickSort", "QuickSort\QuickSort.vcxproj", "{A0980F3C-EE7F-41F5-B96A-D8805BBE8D55}"
EndProject
Project("{8BC9CEB8-8B4A-11D0-8D11-00A0C91BC942}") = "PartitionList", "PartitionList\PartitionList.vcxproj", "{863029D2-8955-41FE-90EC-814A5EDEA1E6}"
EndProject
Project("{8BC9CEB8-8B4A-11D0-8D11-00A0C91BC942}") = "ReverseLinkedList2", "ReverseLinkedList2\ReverseLinkedList2.vcxproj", "{5BB31B89-265A-4EB6-A50A-FCE7CF3CE34D}"
EndProject
Project("{8BC9CEB8-8B4A-11D0-8D11-00A0C91BC942}") = "GetUglyNumber", "GetUglyNumber\GetUglyNumber.vcxproj", "{0C880521-E435-4525-9B6E-39CDAB558E99}"
EndProject
Project("{8BC9CEB8-8B4A-11D0-8D11-00A0C91BC942}") = "LinkedListCycle", "LinkedListCycle\LinkedListCycle.vcxproj", "{B5899E9C-23DC-4D95-A10F-1B51D9EA18B3}"
EndProject
Project("{8BC9CEB8-8B4A-11D0-8D11-00A0C91BC942}") = "BubbleSort", "BubbleSort\BubbleSort.vcxproj", "{E654A420-1720-4849-94D5-EEC604E79DAC}"
EndProject
Project("{8BC9CEB8-8B4A-11D0-8D11-00A0C91BC942}") = "ByteDance1", "ByteDance1\ByteDance1.vcxproj", "{43136065-6190-4EA8-B34E-ABC054686120}"
EndProject
Project("{8BC9CEB8-8B4A-11D0-8D11-00A0C91BC942}") = "Interview_56.2", "Interview_56.2\Interview_56.2.vcxproj", "{32063D4C-EEB3-49ED-8A24-515276858C27}"
EndProject
Project("{8BC9CEB8-8B4A-11D0-8D11-00A0C91BC942}") = "Interview_59", "Interview_59\Interview_59.vcxproj", "{E6E392A7-9285-4A3D-BB58-15821DF18B24}"
EndProject
Project("{8BC9CEB8-8B4A-11D0-8D11-00A0C91BC942}") = "Interview_60", "Interview_60\Interview_60.vcxproj", "{E8967320-B56B-45BE-8054-C211698941DE}"
EndProject
Project("{8BC9CEB8-8B4A-11D0-8D11-00A0C91BC942}") = "tencent", "tencent\tencent.vcxproj", "{72450DAA-B1B8-400C-9472-A89C807A864F}"
EndProject
Global
	GlobalSection(SolutionConfigurationPlatforms) = preSolution
		Debug|x64 = Debug|x64
		Debug|x86 = Debug|x86
		Release|x64 = Release|x64
		Release|x86 = Release|x86
	EndGlobalSection
	GlobalSection(ProjectConfigurationPlatforms) = postSolution
		{0915F304-C417-4338-BBE1-39352658AB66}.Debug|x64.ActiveCfg = Debug|x64
		{0915F304-C417-4338-BBE1-39352658AB66}.Debug|x64.Build.0 = Debug|x64
		{0915F304-C417-4338-BBE1-39352658AB66}.Debug|x86.ActiveCfg = Debug|Win32
		{0915F304-C417-4338-BBE1-39352658AB66}.Debug|x86.Build.0 = Debug|Win32
		{0915F304-C417-4338-BBE1-39352658AB66}.Release|x64.ActiveCfg = Release|x64
		{0915F304-C417-4338-BBE1-39352658AB66}.Release|x64.Build.0 = Release|x64
		{0915F304-C417-4338-BBE1-39352658AB66}.Release|x86.ActiveCfg = Release|Win32
		{0915F304-C417-4338-BBE1-39352658AB66}.Release|x86.Build.0 = Release|Win32
		{AEE39B4E-F91E-4812-969D-FFE6CF000B5C}.Debug|x64.ActiveCfg = Debug|x64
		{AEE39B4E-F91E-4812-969D-FFE6CF000B5C}.Debug|x64.Build.0 = Debug|x64
		{AEE39B4E-F91E-4812-969D-FFE6CF000B5C}.Debug|x86.ActiveCfg = Debug|Win32
		{AEE39B4E-F91E-4812-969D-FFE6CF000B5C}.Debug|x86.Build.0 = Debug|Win32
		{AEE39B4E-F91E-4812-969D-FFE6CF000B5C}.Release|x64.ActiveCfg = Release|x64
		{AEE39B4E-F91E-4812-969D-FFE6CF000B5C}.Release|x64.Build.0 = Release|x64
		{AEE39B4E-F91E-4812-969D-FFE6CF000B5C}.Release|x86.ActiveCfg = Release|Win32
		{AEE39B4E-F91E-4812-969D-FFE6CF000B5C}.Release|x86.Build.0 = Release|Win32
		{B580E43A-74F3-4C44-9273-1235BAD10679}.Debug|x64.ActiveCfg = Debug|x64
		{B580E43A-74F3-4C44-9273-1235BAD10679}.Debug|x64.Build.0 = Debug|x64
		{B580E43A-74F3-4C44-9273-1235BAD10679}.Debug|x86.ActiveCfg = Debug|Win32
		{B580E43A-74F3-4C44-9273-1235BAD10679}.Debug|x86.Build.0 = Debug|Win32
		{B580E43A-74F3-4C44-9273-1235BAD10679}.Release|x64.ActiveCfg = Release|x64
		{B580E43A-74F3-4C44-9273-1235BAD10679}.Release|x64.Build.0 = Release|x64
		{B580E43A-74F3-4C44-9273-1235BAD10679}.Release|x86.ActiveCfg = Release|Win32
		{B580E43A-74F3-4C44-9273-1235BAD10679}.Release|x86.Build.0 = Release|Win32
		{791CDBE2-6679-45B1-9D43-8363140D986E}.Debug|x64.ActiveCfg = Debug|x64
		{791CDBE2-6679-45B1-9D43-8363140D986E}.Debug|x64.Build.0 = Debug|x64
		{791CDBE2-6679-45B1-9D43-8363140D986E}.Debug|x86.ActiveCfg = Debug|Win32
		{791CDBE2-6679-45B1-9D43-8363140D986E}.Debug|x86.Build.0 = Debug|Win32
		{791CDBE2-6679-45B1-9D43-8363140D986E}.Release|x64.ActiveCfg = Release|x64
		{791CDBE2-6679-45B1-9D43-8363140D986E}.Release|x64.Build.0 = Release|x64
		{791CDBE2-6679-45B1-9D43-8363140D986E}.Release|x86.ActiveCfg = Release|Win32
		{791CDBE2-6679-45B1-9D43-8363140D986E}.Release|x86.Build.0 = Release|Win32
		{EFE8ED18-324C-48BF-B6BE-B82C33E861DF}.Debug|x64.ActiveCfg = Debug|x64
		{EFE8ED18-324C-48BF-B6BE-B82C33E861DF}.Debug|x64.Build.0 = Debug|x64
		{EFE8ED18-324C-48BF-B6BE-B82C33E861DF}.Debug|x86.ActiveCfg = Debug|Win32
		{EFE8ED18-324C-48BF-B6BE-B82C33E861DF}.Debug|x86.Build.0 = Debug|Win32
		{EFE8ED18-324C-48BF-B6BE-B82C33E861DF}.Release|x64.ActiveCfg = Release|x64
		{EFE8ED18-324C-48BF-B6BE-B82C33E861DF}.Release|x64.Build.0 = Release|x64
		{EFE8ED18-324C-48BF-B6BE-B82C33E861DF}.Release|x86.ActiveCfg = Release|Win32
		{EFE8ED18-324C-48BF-B6BE-B82C33E861DF}.Release|x86.Build.0 = Release|Win32
		{3EBDDF71-96C9-4AEC-935D-D7D6354CB1CA}.Debug|x64.ActiveCfg = Debug|x64
		{3EBDDF71-96C9-4AEC-935D-D7D6354CB1CA}.Debug|x64.Build.0 = Debug|x64
		{3EBDDF71-96C9-4AEC-935D-D7D6354CB1CA}.Debug|x86.ActiveCfg = Debug|Win32
		{3EBDDF71-96C9-4AEC-935D-D7D6354CB1CA}.Debug|x86.Build.0 = Debug|Win32
		{3EBDDF71-96C9-4AEC-935D-D7D6354CB1CA}.Release|x64.ActiveCfg = Release|x64
		{3EBDDF71-96C9-4AEC-935D-D7D6354CB1CA}.Release|x64.Build.0 = Release|x64
		{3EBDDF71-96C9-4AEC-935D-D7D6354CB1CA}.Release|x86.ActiveCfg = Release|Win32
		{3EBDDF71-96C9-4AEC-935D-D7D6354CB1CA}.Release|x86.Build.0 = Release|Win32
		{A632B3D9-AFF0-4B7D-A792-FFFAFE8813ED}.Debug|x64.ActiveCfg = Debug|x64
		{A632B3D9-AFF0-4B7D-A792-FFFAFE8813ED}.Debug|x64.Build.0 = Debug|x64
		{A632B3D9-AFF0-4B7D-A792-FFFAFE8813ED}.Debug|x86.ActiveCfg = Debug|Win32
		{A632B3D9-AFF0-4B7D-A792-FFFAFE8813ED}.Debug|x86.Build.0 = Debug|Win32
		{A632B3D9-AFF0-4B7D-A792-FFFAFE8813ED}.Release|x64.ActiveCfg = Release|x64
		{A632B3D9-AFF0-4B7D-A792-FFFAFE8813ED}.Release|x64.Build.0 = Release|x64
		{A632B3D9-AFF0-4B7D-A792-FFFAFE8813ED}.Release|x86.ActiveCfg = Release|Win32
		{A632B3D9-AFF0-4B7D-A792-FFFAFE8813ED}.Release|x86.Build.0 = Release|Win32
		{8BE1F8B3-757B-4828-8109-9035F92684DE}.Debug|x64.ActiveCfg = Debug|x64
		{8BE1F8B3-757B-4828-8109-9035F92684DE}.Debug|x64.Build.0 = Debug|x64
		{8BE1F8B3-757B-4828-8109-9035F92684DE}.Debug|x86.ActiveCfg = Debug|Win32
		{8BE1F8B3-757B-4828-8109-9035F92684DE}.Debug|x86.Build.0 = Debug|Win32
		{8BE1F8B3-757B-4828-8109-9035F92684DE}.Release|x64.ActiveCfg = Release|x64
		{8BE1F8B3-757B-4828-8109-9035F92684DE}.Release|x64.Build.0 = Release|x64
		{8BE1F8B3-757B-4828-8109-9035F92684DE}.Release|x86.ActiveCfg = Release|Win32
		{8BE1F8B3-757B-4828-8109-9035F92684DE}.Release|x86.Build.0 = Release|Win32
		{85543D32-AAE8-42D6-93B6-339F8632C99C}.Debug|x64.ActiveCfg = Debug|x64
		{85543D32-AAE8-42D6-93B6-339F8632C99C}.Debug|x64.Build.0 = Debug|x64
		{85543D32-AAE8-42D6-93B6-339F8632C99C}.Debug|x86.ActiveCfg = Debug|Win32
		{85543D32-AAE8-42D6-93B6-339F8632C99C}.Debug|x86.Build.0 = Debug|Win32
		{85543D32-AAE8-42D6-93B6-339F8632C99C}.Release|x64.ActiveCfg = Release|x64
		{85543D32-AAE8-42D6-93B6-339F8632C99C}.Release|x64.Build.0 = Release|x64
		{85543D32-AAE8-42D6-93B6-339F8632C99C}.Release|x86.ActiveCfg = Release|Win32
		{85543D32-AAE8-42D6-93B6-339F8632C99C}.Release|x86.Build.0 = Release|Win32
		{75810E14-14AC-4A5F-BA57-F8CE0A6AEE47}.Debug|x64.ActiveCfg = Debug|x64
		{75810E14-14AC-4A5F-BA57-F8CE0A6AEE47}.Debug|x64.Build.0 = Debug|x64
		{75810E14-14AC-4A5F-BA57-F8CE0A6AEE47}.Debug|x86.ActiveCfg = Debug|Win32
		{75810E14-14AC-4A5F-BA57-F8CE0A6AEE47}.Debug|x86.Build.0 = Debug|Win32
		{75810E14-14AC-4A5F-BA57-F8CE0A6AEE47}.Release|x64.ActiveCfg = Release|x64
		{75810E14-14AC-4A5F-BA57-F8CE0A6AEE47}.Release|x64.Build.0 = Release|x64
		{75810E14-14AC-4A5F-BA57-F8CE0A6AEE47}.Release|x86.ActiveCfg = Release|Win32
		{75810E14-14AC-4A5F-BA57-F8CE0A6AEE47}.Release|x86.Build.0 = Release|Win32
		{8AE56B9C-1590-41F9-9D64-575E78DDC17F}.Debug|x64.ActiveCfg = Debug|x64
		{8AE56B9C-1590-41F9-9D64-575E78DDC17F}.Debug|x64.Build.0 = Debug|x64
		{8AE56B9C-1590-41F9-9D64-575E78DDC17F}.Debug|x86.ActiveCfg = Debug|Win32
		{8AE56B9C-1590-41F9-9D64-575E78DDC17F}.Debug|x86.Build.0 = Debug|Win32
		{8AE56B9C-1590-41F9-9D64-575E78DDC17F}.Release|x64.ActiveCfg = Release|x64
		{8AE56B9C-1590-41F9-9D64-575E78DDC17F}.Release|x64.Build.0 = Release|x64
		{8AE56B9C-1590-41F9-9D64-575E78DDC17F}.Release|x86.ActiveCfg = Release|Win32
		{8AE56B9C-1590-41F9-9D64-575E78DDC17F}.Release|x86.Build.0 = Release|Win32
		{397DDF4D-92D2-4FF7-999B-257D8688EB76}.Debug|x64.ActiveCfg = Debug|x64
		{397DDF4D-92D2-4FF7-999B-257D8688EB76}.Debug|x64.Build.0 = Debug|x64
		{397DDF4D-92D2-4FF7-999B-257D8688EB76}.Debug|x86.ActiveCfg = Debug|Win32
		{397DDF4D-92D2-4FF7-999B-257D8688EB76}.Debug|x86.Build.0 = Debug|Win32
		{397DDF4D-92D2-4FF7-999B-257D8688EB76}.Release|x64.ActiveCfg = Release|x64
		{397DDF4D-92D2-4FF7-999B-257D8688EB76}.Release|x64.Build.0 = Release|x64
		{397DDF4D-92D2-4FF7-999B-257D8688EB76}.Release|x86.ActiveCfg = Release|Win32
		{397DDF4D-92D2-4FF7-999B-257D8688EB76}.Release|x86.Build.0 = Release|Win32
		{820C7699-63BF-4C00-B60F-8613C6CC4902}.Debug|x64.ActiveCfg = Debug|x64
		{820C7699-63BF-4C00-B60F-8613C6CC4902}.Debug|x64.Build.0 = Debug|x64
		{820C7699-63BF-4C00-B60F-8613C6CC4902}.Debug|x86.ActiveCfg = Debug|Win32
		{820C7699-63BF-4C00-B60F-8613C6CC4902}.Debug|x86.Build.0 = Debug|Win32
		{820C7699-63BF-4C00-B60F-8613C6CC4902}.Release|x64.ActiveCfg = Release|x64
		{820C7699-63BF-4C00-B60F-8613C6CC4902}.Release|x64.Build.0 = Release|x64
		{820C7699-63BF-4C00-B60F-8613C6CC4902}.Release|x86.ActiveCfg = Release|Win32
		{820C7699-63BF-4C00-B60F-8613C6CC4902}.Release|x86.Build.0 = Release|Win32
		{8ED5332D-8078-4924-AD84-22C21B4BABD3}.Debug|x64.ActiveCfg = Debug|x64
		{8ED5332D-8078-4924-AD84-22C21B4BABD3}.Debug|x64.Build.0 = Debug|x64
		{8ED5332D-8078-4924-AD84-22C21B4BABD3}.Debug|x86.ActiveCfg = Debug|Win32
		{8ED5332D-8078-4924-AD84-22C21B4BABD3}.Debug|x86.Build.0 = Debug|Win32
		{8ED5332D-8078-4924-AD84-22C21B4BABD3}.Release|x64.ActiveCfg = Release|x64
		{8ED5332D-8078-4924-AD84-22C21B4BABD3}.Release|x64.Build.0 = Release|x64
		{8ED5332D-8078-4924-AD84-22C21B4BABD3}.Release|x86.ActiveCfg = Release|Win32
		{8ED5332D-8078-4924-AD84-22C21B4BABD3}.Release|x86.Build.0 = Release|Win32
		{D3E44463-AEDE-4D69-A6DA-7948278E3644}.Debug|x64.ActiveCfg = Debug|x64
		{D3E44463-AEDE-4D69-A6DA-7948278E3644}.Debug|x64.Build.0 = Debug|x64
		{D3E44463-AEDE-4D69-A6DA-7948278E3644}.Debug|x86.ActiveCfg = Debug|Win32
		{D3E44463-AEDE-4D69-A6DA-7948278E3644}.Debug|x86.Build.0 = Debug|Win32
		{D3E44463-AEDE-4D69-A6DA-7948278E3644}.Release|x64.ActiveCfg = Release|x64
		{D3E44463-AEDE-4D69-A6DA-7948278E3644}.Release|x64.Build.0 = Release|x64
		{D3E44463-AEDE-4D69-A6DA-7948278E3644}.Release|x86.ActiveCfg = Release|Win32
		{D3E44463-AEDE-4D69-A6DA-7948278E3644}.Release|x86.Build.0 = Release|Win32
		{35E3D12E-EA0E-4C3A-AFE4-F21B528B1E77}.Debug|x64.ActiveCfg = Debug|x64
		{35E3D12E-EA0E-4C3A-AFE4-F21B528B1E77}.Debug|x64.Build.0 = Debug|x64
		{35E3D12E-EA0E-4C3A-AFE4-F21B528B1E77}.Debug|x86.ActiveCfg = Debug|Win32
		{35E3D12E-EA0E-4C3A-AFE4-F21B528B1E77}.Debug|x86.Build.0 = Debug|Win32
		{35E3D12E-EA0E-4C3A-AFE4-F21B528B1E77}.Release|x64.ActiveCfg = Release|x64
		{35E3D12E-EA0E-4C3A-AFE4-F21B528B1E77}.Release|x64.Build.0 = Release|x64
		{35E3D12E-EA0E-4C3A-AFE4-F21B528B1E77}.Release|x86.ActiveCfg = Release|Win32
		{35E3D12E-EA0E-4C3A-AFE4-F21B528B1E77}.Release|x86.Build.0 = Release|Win32
		{AA45E235-85AC-4F1F-994E-645A40F9B228}.Debug|x64.ActiveCfg = Debug|x64
		{AA45E235-85AC-4F1F-994E-645A40F9B228}.Debug|x64.Build.0 = Debug|x64
		{AA45E235-85AC-4F1F-994E-645A40F9B228}.Debug|x86.ActiveCfg = Debug|Win32
		{AA45E235-85AC-4F1F-994E-645A40F9B228}.Debug|x86.Build.0 = Debug|Win32
		{AA45E235-85AC-4F1F-994E-645A40F9B228}.Release|x64.ActiveCfg = Release|x64
		{AA45E235-85AC-4F1F-994E-645A40F9B228}.Release|x64.Build.0 = Release|x64
		{AA45E235-85AC-4F1F-994E-645A40F9B228}.Release|x86.ActiveCfg = Release|Win32
		{AA45E235-85AC-4F1F-994E-645A40F9B228}.Release|x86.Build.0 = Release|Win32
		{BCD8ECAD-C28B-4059-85F4-3C40363257B2}.Debug|x64.ActiveCfg = Debug|x64
		{BCD8ECAD-C28B-4059-85F4-3C40363257B2}.Debug|x64.Build.0 = Debug|x64
		{BCD8ECAD-C28B-4059-85F4-3C40363257B2}.Debug|x86.ActiveCfg = Debug|Win32
		{BCD8ECAD-C28B-4059-85F4-3C40363257B2}.Debug|x86.Build.0 = Debug|Win32
		{BCD8ECAD-C28B-4059-85F4-3C40363257B2}.Release|x64.ActiveCfg = Release|x64
		{BCD8ECAD-C28B-4059-85F4-3C40363257B2}.Release|x64.Build.0 = Release|x64
		{BCD8ECAD-C28B-4059-85F4-3C40363257B2}.Release|x86.ActiveCfg = Release|Win32
		{BCD8ECAD-C28B-4059-85F4-3C40363257B2}.Release|x86.Build.0 = Release|Win32
		{BAC5FE81-5AEC-49B4-BB8A-A217CD3FAE1F}.Debug|x64.ActiveCfg = Debug|x64
		{BAC5FE81-5AEC-49B4-BB8A-A217CD3FAE1F}.Debug|x64.Build.0 = Debug|x64
		{BAC5FE81-5AEC-49B4-BB8A-A217CD3FAE1F}.Debug|x86.ActiveCfg = Debug|Win32
		{BAC5FE81-5AEC-49B4-BB8A-A217CD3FAE1F}.Debug|x86.Build.0 = Debug|Win32
		{BAC5FE81-5AEC-49B4-BB8A-A217CD3FAE1F}.Release|x64.ActiveCfg = Release|x64
		{BAC5FE81-5AEC-49B4-BB8A-A217CD3FAE1F}.Release|x64.Build.0 = Release|x64
		{BAC5FE81-5AEC-49B4-BB8A-A217CD3FAE1F}.Release|x86.ActiveCfg = Release|Win32
		{BAC5FE81-5AEC-49B4-BB8A-A217CD3FAE1F}.Release|x86.Build.0 = Release|Win32
		{348C5091-F6F1-4A39-922B-294C9A5B7732}.Debug|x64.ActiveCfg = Debug|x64
		{348C5091-F6F1-4A39-922B-294C9A5B7732}.Debug|x64.Build.0 = Debug|x64
		{348C5091-F6F1-4A39-922B-294C9A5B7732}.Debug|x86.ActiveCfg = Debug|Win32
		{348C5091-F6F1-4A39-922B-294C9A5B7732}.Debug|x86.Build.0 = Debug|Win32
		{348C5091-F6F1-4A39-922B-294C9A5B7732}.Release|x64.ActiveCfg = Release|x64
		{348C5091-F6F1-4A39-922B-294C9A5B7732}.Release|x64.Build.0 = Release|x64
		{348C5091-F6F1-4A39-922B-294C9A5B7732}.Release|x86.ActiveCfg = Release|Win32
		{348C5091-F6F1-4A39-922B-294C9A5B7732}.Release|x86.Build.0 = Release|Win32
		{3AB24EF2-CD61-4FD9-8A44-7E757A989582}.Debug|x64.ActiveCfg = Debug|x64
		{3AB24EF2-CD61-4FD9-8A44-7E757A989582}.Debug|x64.Build.0 = Debug|x64
		{3AB24EF2-CD61-4FD9-8A44-7E757A989582}.Debug|x86.ActiveCfg = Debug|Win32
		{3AB24EF2-CD61-4FD9-8A44-7E757A989582}.Debug|x86.Build.0 = Debug|Win32
		{3AB24EF2-CD61-4FD9-8A44-7E757A989582}.Release|x64.ActiveCfg = Release|x64
		{3AB24EF2-CD61-4FD9-8A44-7E757A989582}.Release|x64.Build.0 = Release|x64
		{3AB24EF2-CD61-4FD9-8A44-7E757A989582}.Release|x86.ActiveCfg = Release|Win32
		{3AB24EF2-CD61-4FD9-8A44-7E757A989582}.Release|x86.Build.0 = Release|Win32
		{EC2D75E2-D4DA-406F-8B6D-CA00EE03DF46}.Debug|x64.ActiveCfg = Debug|x64
		{EC2D75E2-D4DA-406F-8B6D-CA00EE03DF46}.Debug|x64.Build.0 = Debug|x64
		{EC2D75E2-D4DA-406F-8B6D-CA00EE03DF46}.Debug|x86.ActiveCfg = Debug|Win32
		{EC2D75E2-D4DA-406F-8B6D-CA00EE03DF46}.Debug|x86.Build.0 = Debug|Win32
		{EC2D75E2-D4DA-406F-8B6D-CA00EE03DF46}.Release|x64.ActiveCfg = Release|x64
		{EC2D75E2-D4DA-406F-8B6D-CA00EE03DF46}.Release|x64.Build.0 = Release|x64
		{EC2D75E2-D4DA-406F-8B6D-CA00EE03DF46}.Release|x86.ActiveCfg = Release|Win32
		{EC2D75E2-D4DA-406F-8B6D-CA00EE03DF46}.Release|x86.Build.0 = Release|Win32
		{75984BCD-56C6-486A-A97A-364A74DD801B}.Debug|x64.ActiveCfg = Debug|x64
		{75984BCD-56C6-486A-A97A-364A74DD801B}.Debug|x64.Build.0 = Debug|x64
		{75984BCD-56C6-486A-A97A-364A74DD801B}.Debug|x86.ActiveCfg = Debug|Win32
		{75984BCD-56C6-486A-A97A-364A74DD801B}.Debug|x86.Build.0 = Debug|Win32
		{75984BCD-56C6-486A-A97A-364A74DD801B}.Release|x64.ActiveCfg = Release|x64
		{75984BCD-56C6-486A-A97A-364A74DD801B}.Release|x64.Build.0 = Release|x64
		{75984BCD-56C6-486A-A97A-364A74DD801B}.Release|x86.ActiveCfg = Release|Win32
		{75984BCD-56C6-486A-A97A-364A74DD801B}.Release|x86.Build.0 = Release|Win32
		{43EBDB47-2661-4AAE-86DF-E3F145AAAA53}.Debug|x64.ActiveCfg = Debug|x64
		{43EBDB47-2661-4AAE-86DF-E3F145AAAA53}.Debug|x64.Build.0 = Debug|x64
		{43EBDB47-2661-4AAE-86DF-E3F145AAAA53}.Debug|x86.ActiveCfg = Debug|Win32
		{43EBDB47-2661-4AAE-86DF-E3F145AAAA53}.Debug|x86.Build.0 = Debug|Win32
		{43EBDB47-2661-4AAE-86DF-E3F145AAAA53}.Release|x64.ActiveCfg = Release|x64
		{43EBDB47-2661-4AAE-86DF-E3F145AAAA53}.Release|x64.Build.0 = Release|x64
		{43EBDB47-2661-4AAE-86DF-E3F145AAAA53}.Release|x86.ActiveCfg = Release|Win32
		{43EBDB47-2661-4AAE-86DF-E3F145AAAA53}.Release|x86.Build.0 = Release|Win32
		{531ED22C-7AE1-4EE7-BFE4-C5A046D3214A}.Debug|x64.ActiveCfg = Debug|x64
		{531ED22C-7AE1-4EE7-BFE4-C5A046D3214A}.Debug|x64.Build.0 = Debug|x64
		{531ED22C-7AE1-4EE7-BFE4-C5A046D3214A}.Debug|x86.ActiveCfg = Debug|Win32
		{531ED22C-7AE1-4EE7-BFE4-C5A046D3214A}.Debug|x86.Build.0 = Debug|Win32
		{531ED22C-7AE1-4EE7-BFE4-C5A046D3214A}.Release|x64.ActiveCfg = Release|x64
		{531ED22C-7AE1-4EE7-BFE4-C5A046D3214A}.Release|x64.Build.0 = Release|x64
		{531ED22C-7AE1-4EE7-BFE4-C5A046D3214A}.Release|x86.ActiveCfg = Release|Win32
		{531ED22C-7AE1-4EE7-BFE4-C5A046D3214A}.Release|x86.Build.0 = Release|Win32
		{2949E2CD-BC60-46F2-A985-C1A85F33B750}.Debug|x64.ActiveCfg = Debug|x64
		{2949E2CD-BC60-46F2-A985-C1A85F33B750}.Debug|x64.Build.0 = Debug|x64
		{2949E2CD-BC60-46F2-A985-C1A85F33B750}.Debug|x86.ActiveCfg = Debug|Win32
		{2949E2CD-BC60-46F2-A985-C1A85F33B750}.Debug|x86.Build.0 = Debug|Win32
		{2949E2CD-BC60-46F2-A985-C1A85F33B750}.Release|x64.ActiveCfg = Release|x64
		{2949E2CD-BC60-46F2-A985-C1A85F33B750}.Release|x64.Build.0 = Release|x64
		{2949E2CD-BC60-46F2-A985-C1A85F33B750}.Release|x86.ActiveCfg = Release|Win32
		{2949E2CD-BC60-46F2-A985-C1A85F33B750}.Release|x86.Build.0 = Release|Win32
		{FF8D04C6-BC36-4EAB-A687-222B6891A7BD}.Debug|x64.ActiveCfg = Debug|x64
		{FF8D04C6-BC36-4EAB-A687-222B6891A7BD}.Debug|x64.Build.0 = Debug|x64
		{FF8D04C6-BC36-4EAB-A687-222B6891A7BD}.Debug|x86.ActiveCfg = Debug|Win32
		{FF8D04C6-BC36-4EAB-A687-222B6891A7BD}.Debug|x86.Build.0 = Debug|Win32
		{FF8D04C6-BC36-4EAB-A687-222B6891A7BD}.Release|x64.ActiveCfg = Release|x64
		{FF8D04C6-BC36-4EAB-A687-222B6891A7BD}.Release|x64.Build.0 = Release|x64
		{FF8D04C6-BC36-4EAB-A687-222B6891A7BD}.Release|x86.ActiveCfg = Release|Win32
		{FF8D04C6-BC36-4EAB-A687-222B6891A7BD}.Release|x86.Build.0 = Release|Win32
		{FC2482EE-605D-461B-97C4-01610EE33ECE}.Debug|x64.ActiveCfg = Debug|x64
		{FC2482EE-605D-461B-97C4-01610EE33ECE}.Debug|x64.Build.0 = Debug|x64
		{FC2482EE-605D-461B-97C4-01610EE33ECE}.Debug|x86.ActiveCfg = Debug|Win32
		{FC2482EE-605D-461B-97C4-01610EE33ECE}.Debug|x86.Build.0 = Debug|Win32
		{FC2482EE-605D-461B-97C4-01610EE33ECE}.Release|x64.ActiveCfg = Release|x64
		{FC2482EE-605D-461B-97C4-01610EE33ECE}.Release|x64.Build.0 = Release|x64
		{FC2482EE-605D-461B-97C4-01610EE33ECE}.Release|x86.ActiveCfg = Release|Win32
		{FC2482EE-605D-461B-97C4-01610EE33ECE}.Release|x86.Build.0 = Release|Win32
		{DAF274BC-3561-499F-8DF7-24149B472EC3}.Debug|x64.ActiveCfg = Debug|x64
		{DAF274BC-3561-499F-8DF7-24149B472EC3}.Debug|x64.Build.0 = Debug|x64
		{DAF274BC-3561-499F-8DF7-24149B472EC3}.Debug|x86.ActiveCfg = Debug|Win32
		{DAF274BC-3561-499F-8DF7-24149B472EC3}.Debug|x86.Build.0 = Debug|Win32
		{DAF274BC-3561-499F-8DF7-24149B472EC3}.Release|x64.ActiveCfg = Release|x64
		{DAF274BC-3561-499F-8DF7-24149B472EC3}.Release|x64.Build.0 = Release|x64
		{DAF274BC-3561-499F-8DF7-24149B472EC3}.Release|x86.ActiveCfg = Release|Win32
		{DAF274BC-3561-499F-8DF7-24149B472EC3}.Release|x86.Build.0 = Release|Win32
		{64BE1F56-A897-4EEF-A306-510210E8E9FE}.Debug|x64.ActiveCfg = Debug|x64
		{64BE1F56-A897-4EEF-A306-510210E8E9FE}.Debug|x64.Build.0 = Debug|x64
		{64BE1F56-A897-4EEF-A306-510210E8E9FE}.Debug|x86.ActiveCfg = Debug|Win32
		{64BE1F56-A897-4EEF-A306-510210E8E9FE}.Debug|x86.Build.0 = Debug|Win32
		{64BE1F56-A897-4EEF-A306-510210E8E9FE}.Release|x64.ActiveCfg = Release|x64
		{64BE1F56-A897-4EEF-A306-510210E8E9FE}.Release|x64.Build.0 = Release|x64
		{64BE1F56-A897-4EEF-A306-510210E8E9FE}.Release|x86.ActiveCfg = Release|Win32
		{64BE1F56-A897-4EEF-A306-510210E8E9FE}.Release|x86.Build.0 = Release|Win32
		{6DC8AB1B-97EB-4FF3-80DA-242710827C0D}.Debug|x64.ActiveCfg = Debug|x64
		{6DC8AB1B-97EB-4FF3-80DA-242710827C0D}.Debug|x64.Build.0 = Debug|x64
		{6DC8AB1B-97EB-4FF3-80DA-242710827C0D}.Debug|x86.ActiveCfg = Debug|Win32
		{6DC8AB1B-97EB-4FF3-80DA-242710827C0D}.Debug|x86.Build.0 = Debug|Win32
		{6DC8AB1B-97EB-4FF3-80DA-242710827C0D}.Release|x64.ActiveCfg = Release|x64
		{6DC8AB1B-97EB-4FF3-80DA-242710827C0D}.Release|x64.Build.0 = Release|x64
		{6DC8AB1B-97EB-4FF3-80DA-242710827C0D}.Release|x86.ActiveCfg = Release|Win32
		{6DC8AB1B-97EB-4FF3-80DA-242710827C0D}.Release|x86.Build.0 = Release|Win32
		{914AC5F5-7B10-47DB-A8C1-8C2942C75CFC}.Debug|x64.ActiveCfg = Debug|x64
		{914AC5F5-7B10-47DB-A8C1-8C2942C75CFC}.Debug|x64.Build.0 = Debug|x64
		{914AC5F5-7B10-47DB-A8C1-8C2942C75CFC}.Debug|x86.ActiveCfg = Debug|Win32
		{914AC5F5-7B10-47DB-A8C1-8C2942C75CFC}.Debug|x86.Build.0 = Debug|Win32
		{914AC5F5-7B10-47DB-A8C1-8C2942C75CFC}.Release|x64.ActiveCfg = Release|x64
		{914AC5F5-7B10-47DB-A8C1-8C2942C75CFC}.Release|x64.Build.0 = Release|x64
		{914AC5F5-7B10-47DB-A8C1-8C2942C75CFC}.Release|x86.ActiveCfg = Release|Win32
		{914AC5F5-7B10-47DB-A8C1-8C2942C75CFC}.Release|x86.Build.0 = Release|Win32
		{5509047D-B805-4181-8780-259A7D3225BC}.Debug|x64.ActiveCfg = Debug|x64
		{5509047D-B805-4181-8780-259A7D3225BC}.Debug|x64.Build.0 = Debug|x64
		{5509047D-B805-4181-8780-259A7D3225BC}.Debug|x86.ActiveCfg = Debug|Win32
		{5509047D-B805-4181-8780-259A7D3225BC}.Debug|x86.Build.0 = Debug|Win32
		{5509047D-B805-4181-8780-259A7D3225BC}.Release|x64.ActiveCfg = Release|x64
		{5509047D-B805-4181-8780-259A7D3225BC}.Release|x64.Build.0 = Release|x64
		{5509047D-B805-4181-8780-259A7D3225BC}.Release|x86.ActiveCfg = Release|Win32
		{5509047D-B805-4181-8780-259A7D3225BC}.Release|x86.Build.0 = Release|Win32
		{17F36ED2-8219-4930-B1DE-A5D8E7BEBF40}.Debug|x64.ActiveCfg = Debug|x64
		{17F36ED2-8219-4930-B1DE-A5D8E7BEBF40}.Debug|x64.Build.0 = Debug|x64
		{17F36ED2-8219-4930-B1DE-A5D8E7BEBF40}.Debug|x86.ActiveCfg = Debug|Win32
		{17F36ED2-8219-4930-B1DE-A5D8E7BEBF40}.Debug|x86.Build.0 = Debug|Win32
		{17F36ED2-8219-4930-B1DE-A5D8E7BEBF40}.Release|x64.ActiveCfg = Release|x64
		{17F36ED2-8219-4930-B1DE-A5D8E7BEBF40}.Release|x64.Build.0 = Release|x64
		{17F36ED2-8219-4930-B1DE-A5D8E7BEBF40}.Release|x86.ActiveCfg = Release|Win32
		{17F36ED2-8219-4930-B1DE-A5D8E7BEBF40}.Release|x86.Build.0 = Release|Win32
		{EC64A6D8-F904-4878-9334-4A65D19ACA2C}.Debug|x64.ActiveCfg = Debug|x64
		{EC64A6D8-F904-4878-9334-4A65D19ACA2C}.Debug|x64.Build.0 = Debug|x64
		{EC64A6D8-F904-4878-9334-4A65D19ACA2C}.Debug|x86.ActiveCfg = Debug|Win32
		{EC64A6D8-F904-4878-9334-4A65D19ACA2C}.Debug|x86.Build.0 = Debug|Win32
		{EC64A6D8-F904-4878-9334-4A65D19ACA2C}.Release|x64.ActiveCfg = Release|x64
		{EC64A6D8-F904-4878-9334-4A65D19ACA2C}.Release|x64.Build.0 = Release|x64
		{EC64A6D8-F904-4878-9334-4A65D19ACA2C}.Release|x86.ActiveCfg = Release|Win32
		{EC64A6D8-F904-4878-9334-4A65D19ACA2C}.Release|x86.Build.0 = Release|Win32
		{C7E471E4-F3FE-4997-B93F-83EEDA00CC0E}.Debug|x64.ActiveCfg = Debug|x64
		{C7E471E4-F3FE-4997-B93F-83EEDA00CC0E}.Debug|x64.Build.0 = Debug|x64
		{C7E471E4-F3FE-4997-B93F-83EEDA00CC0E}.Debug|x86.ActiveCfg = Debug|Win32
		{C7E471E4-F3FE-4997-B93F-83EEDA00CC0E}.Debug|x86.Build.0 = Debug|Win32
		{C7E471E4-F3FE-4997-B93F-83EEDA00CC0E}.Release|x64.ActiveCfg = Release|x64
		{C7E471E4-F3FE-4997-B93F-83EEDA00CC0E}.Release|x64.Build.0 = Release|x64
		{C7E471E4-F3FE-4997-B93F-83EEDA00CC0E}.Release|x86.ActiveCfg = Release|Win32
		{C7E471E4-F3FE-4997-B93F-83EEDA00CC0E}.Release|x86.Build.0 = Release|Win32
		{BE8F87A3-A8EC-489C-AC06-2D287A13FA19}.Debug|x64.ActiveCfg = Debug|x64
		{BE8F87A3-A8EC-489C-AC06-2D287A13FA19}.Debug|x64.Build.0 = Debug|x64
		{BE8F87A3-A8EC-489C-AC06-2D287A13FA19}.Debug|x86.ActiveCfg = Debug|Win32
		{BE8F87A3-A8EC-489C-AC06-2D287A13FA19}.Debug|x86.Build.0 = Debug|Win32
		{BE8F87A3-A8EC-489C-AC06-2D287A13FA19}.Release|x64.ActiveCfg = Release|x64
		{BE8F87A3-A8EC-489C-AC06-2D287A13FA19}.Release|x64.Build.0 = Release|x64
		{BE8F87A3-A8EC-489C-AC06-2D287A13FA19}.Release|x86.ActiveCfg = Release|Win32
		{BE8F87A3-A8EC-489C-AC06-2D287A13FA19}.Release|x86.Build.0 = Release|Win32
		{9F05F029-6258-445D-B104-3D49A16611AE}.Debug|x64.ActiveCfg = Debug|x64
		{9F05F029-6258-445D-B104-3D49A16611AE}.Debug|x64.Build.0 = Debug|x64
		{9F05F029-6258-445D-B104-3D49A16611AE}.Debug|x86.ActiveCfg = Debug|Win32
		{9F05F029-6258-445D-B104-3D49A16611AE}.Debug|x86.Build.0 = Debug|Win32
		{9F05F029-6258-445D-B104-3D49A16611AE}.Release|x64.ActiveCfg = Release|x64
		{9F05F029-6258-445D-B104-3D49A16611AE}.Release|x64.Build.0 = Release|x64
		{9F05F029-6258-445D-B104-3D49A16611AE}.Release|x86.ActiveCfg = Release|Win32
		{9F05F029-6258-445D-B104-3D49A16611AE}.Release|x86.Build.0 = Release|Win32
		{AF9E463F-2F1E-4259-ABA3-5AAEED7768E9}.Debug|x64.ActiveCfg = Debug|x64
		{AF9E463F-2F1E-4259-ABA3-5AAEED7768E9}.Debug|x64.Build.0 = Debug|x64
		{AF9E463F-2F1E-4259-ABA3-5AAEED7768E9}.Debug|x86.ActiveCfg = Debug|Win32
		{AF9E463F-2F1E-4259-ABA3-5AAEED7768E9}.Debug|x86.Build.0 = Debug|Win32
		{AF9E463F-2F1E-4259-ABA3-5AAEED7768E9}.Release|x64.ActiveCfg = Release|x64
		{AF9E463F-2F1E-4259-ABA3-5AAEED7768E9}.Release|x64.Build.0 = Release|x64
		{AF9E463F-2F1E-4259-ABA3-5AAEED7768E9}.Release|x86.ActiveCfg = Release|Win32
		{AF9E463F-2F1E-4259-ABA3-5AAEED7768E9}.Release|x86.Build.0 = Release|Win32
		{0FCFA1A9-AD2E-4FAA-A974-13D8B6C0541D}.Debug|x64.ActiveCfg = Debug|x64
		{0FCFA1A9-AD2E-4FAA-A974-13D8B6C0541D}.Debug|x64.Build.0 = Debug|x64
		{0FCFA1A9-AD2E-4FAA-A974-13D8B6C0541D}.Debug|x86.ActiveCfg = Debug|Win32
		{0FCFA1A9-AD2E-4FAA-A974-13D8B6C0541D}.Debug|x86.Build.0 = Debug|Win32
		{0FCFA1A9-AD2E-4FAA-A974-13D8B6C0541D}.Release|x64.ActiveCfg = Release|x64
		{0FCFA1A9-AD2E-4FAA-A974-13D8B6C0541D}.Release|x64.Build.0 = Release|x64
		{0FCFA1A9-AD2E-4FAA-A974-13D8B6C0541D}.Release|x86.ActiveCfg = Release|Win32
		{0FCFA1A9-AD2E-4FAA-A974-13D8B6C0541D}.Release|x86.Build.0 = Release|Win32
		{5C245069-39DD-4FFA-BB3C-8D6E5A54B244}.Debug|x64.ActiveCfg = Debug|x64
		{5C245069-39DD-4FFA-BB3C-8D6E5A54B244}.Debug|x64.Build.0 = Debug|x64
		{5C245069-39DD-4FFA-BB3C-8D6E5A54B244}.Debug|x86.ActiveCfg = Debug|Win32
		{5C245069-39DD-4FFA-BB3C-8D6E5A54B244}.Debug|x86.Build.0 = Debug|Win32
		{5C245069-39DD-4FFA-BB3C-8D6E5A54B244}.Release|x64.ActiveCfg = Release|x64
		{5C245069-39DD-4FFA-BB3C-8D6E5A54B244}.Release|x64.Build.0 = Release|x64
		{5C245069-39DD-4FFA-BB3C-8D6E5A54B244}.Release|x86.ActiveCfg = Release|Win32
		{5C245069-39DD-4FFA-BB3C-8D6E5A54B244}.Release|x86.Build.0 = Release|Win32
		{9A4808AD-E8D8-4721-9D32-81382903652F}.Debug|x64.ActiveCfg = Debug|x64
		{9A4808AD-E8D8-4721-9D32-81382903652F}.Debug|x64.Build.0 = Debug|x64
		{9A4808AD-E8D8-4721-9D32-81382903652F}.Debug|x86.ActiveCfg = Debug|Win32
		{9A4808AD-E8D8-4721-9D32-81382903652F}.Debug|x86.Build.0 = Debug|Win32
		{9A4808AD-E8D8-4721-9D32-81382903652F}.Release|x64.ActiveCfg = Release|x64
		{9A4808AD-E8D8-4721-9D32-81382903652F}.Release|x64.Build.0 = Release|x64
		{9A4808AD-E8D8-4721-9D32-81382903652F}.Release|x86.ActiveCfg = Release|Win32
		{9A4808AD-E8D8-4721-9D32-81382903652F}.Release|x86.Build.0 = Release|Win32
		{557E57AB-8D56-48BE-9164-99E2F73DCE38}.Debug|x64.ActiveCfg = Debug|x64
		{557E57AB-8D56-48BE-9164-99E2F73DCE38}.Debug|x64.Build.0 = Debug|x64
		{557E57AB-8D56-48BE-9164-99E2F73DCE38}.Debug|x86.ActiveCfg = Debug|Win32
		{557E57AB-8D56-48BE-9164-99E2F73DCE38}.Debug|x86.Build.0 = Debug|Win32
		{557E57AB-8D56-48BE-9164-99E2F73DCE38}.Release|x64.ActiveCfg = Release|x64
		{557E57AB-8D56-48BE-9164-99E2F73DCE38}.Release|x64.Build.0 = Release|x64
		{557E57AB-8D56-48BE-9164-99E2F73DCE38}.Release|x86.ActiveCfg = Release|Win32
		{557E57AB-8D56-48BE-9164-99E2F73DCE38}.Release|x86.Build.0 = Release|Win32
		{9F6429F1-BEA7-47FE-89D7-542444593CE5}.Debug|x64.ActiveCfg = Debug|x64
		{9F6429F1-BEA7-47FE-89D7-542444593CE5}.Debug|x64.Build.0 = Debug|x64
		{9F6429F1-BEA7-47FE-89D7-542444593CE5}.Debug|x86.ActiveCfg = Debug|Win32
		{9F6429F1-BEA7-47FE-89D7-542444593CE5}.Debug|x86.Build.0 = Debug|Win32
		{9F6429F1-BEA7-47FE-89D7-542444593CE5}.Release|x64.ActiveCfg = Release|x64
		{9F6429F1-BEA7-47FE-89D7-542444593CE5}.Release|x64.Build.0 = Release|x64
		{9F6429F1-BEA7-47FE-89D7-542444593CE5}.Release|x86.ActiveCfg = Release|Win32
		{9F6429F1-BEA7-47FE-89D7-542444593CE5}.Release|x86.Build.0 = Release|Win32
		{72C440DF-E10E-493F-842C-A7B17319E65D}.Debug|x64.ActiveCfg = Debug|x64
		{72C440DF-E10E-493F-842C-A7B17319E65D}.Debug|x64.Build.0 = Debug|x64
		{72C440DF-E10E-493F-842C-A7B17319E65D}.Debug|x86.ActiveCfg = Debug|Win32
		{72C440DF-E10E-493F-842C-A7B17319E65D}.Debug|x86.Build.0 = Debug|Win32
		{72C440DF-E10E-493F-842C-A7B17319E65D}.Release|x64.ActiveCfg = Release|x64
		{72C440DF-E10E-493F-842C-A7B17319E65D}.Release|x64.Build.0 = Release|x64
		{72C440DF-E10E-493F-842C-A7B17319E65D}.Release|x86.ActiveCfg = Release|Win32
		{72C440DF-E10E-493F-842C-A7B17319E65D}.Release|x86.Build.0 = Release|Win32
		{06FD1E77-A800-4755-B2D3-88FD7A9B4888}.Debug|x64.ActiveCfg = Debug|x64
		{06FD1E77-A800-4755-B2D3-88FD7A9B4888}.Debug|x64.Build.0 = Debug|x64
		{06FD1E77-A800-4755-B2D3-88FD7A9B4888}.Debug|x86.ActiveCfg = Debug|Win32
		{06FD1E77-A800-4755-B2D3-88FD7A9B4888}.Debug|x86.Build.0 = Debug|Win32
		{06FD1E77-A800-4755-B2D3-88FD7A9B4888}.Release|x64.ActiveCfg = Release|x64
		{06FD1E77-A800-4755-B2D3-88FD7A9B4888}.Release|x64.Build.0 = Release|x64
		{06FD1E77-A800-4755-B2D3-88FD7A9B4888}.Release|x86.ActiveCfg = Release|Win32
		{06FD1E77-A800-4755-B2D3-88FD7A9B4888}.Release|x86.Build.0 = Release|Win32
		{9C56315D-353D-4A21-9716-755E68F3D948}.Debug|x64.ActiveCfg = Debug|x64
		{9C56315D-353D-4A21-9716-755E68F3D948}.Debug|x64.Build.0 = Debug|x64
		{9C56315D-353D-4A21-9716-755E68F3D948}.Debug|x86.ActiveCfg = Debug|Win32
		{9C56315D-353D-4A21-9716-755E68F3D948}.Debug|x86.Build.0 = Debug|Win32
		{9C56315D-353D-4A21-9716-755E68F3D948}.Release|x64.ActiveCfg = Release|x64
		{9C56315D-353D-4A21-9716-755E68F3D948}.Release|x64.Build.0 = Release|x64
		{9C56315D-353D-4A21-9716-755E68F3D948}.Release|x86.ActiveCfg = Release|Win32
		{9C56315D-353D-4A21-9716-755E68F3D948}.Release|x86.Build.0 = Release|Win32
		{31874498-5C31-47A1-A8FB-57D699EA6F90}.Debug|x64.ActiveCfg = Debug|x64
		{31874498-5C31-47A1-A8FB-57D699EA6F90}.Debug|x64.Build.0 = Debug|x64
		{31874498-5C31-47A1-A8FB-57D699EA6F90}.Debug|x86.ActiveCfg = Debug|Win32
		{31874498-5C31-47A1-A8FB-57D699EA6F90}.Debug|x86.Build.0 = Debug|Win32
		{31874498-5C31-47A1-A8FB-57D699EA6F90}.Release|x64.ActiveCfg = Release|x64
		{31874498-5C31-47A1-A8FB-57D699EA6F90}.Release|x64.Build.0 = Release|x64
		{31874498-5C31-47A1-A8FB-57D699EA6F90}.Release|x86.ActiveCfg = Release|Win32
		{31874498-5C31-47A1-A8FB-57D699EA6F90}.Release|x86.Build.0 = Release|Win32
		{21847FE6-DC51-425E-A2BB-F2DF3D692422}.Debug|x64.ActiveCfg = Debug|x64
		{21847FE6-DC51-425E-A2BB-F2DF3D692422}.Debug|x64.Build.0 = Debug|x64
		{21847FE6-DC51-425E-A2BB-F2DF3D692422}.Debug|x86.ActiveCfg = Debug|Win32
		{21847FE6-DC51-425E-A2BB-F2DF3D692422}.Debug|x86.Build.0 = Debug|Win32
		{21847FE6-DC51-425E-A2BB-F2DF3D692422}.Release|x64.ActiveCfg = Release|x64
		{21847FE6-DC51-425E-A2BB-F2DF3D692422}.Release|x64.Build.0 = Release|x64
		{21847FE6-DC51-425E-A2BB-F2DF3D692422}.Release|x86.ActiveCfg = Release|Win32
		{21847FE6-DC51-425E-A2BB-F2DF3D692422}.Release|x86.Build.0 = Release|Win32
		{A67D6A4A-3D9B-4496-B44B-D9D2FA152F0B}.Debug|x64.ActiveCfg = Debug|x64
		{A67D6A4A-3D9B-4496-B44B-D9D2FA152F0B}.Debug|x64.Build.0 = Debug|x64
		{A67D6A4A-3D9B-4496-B44B-D9D2FA152F0B}.Debug|x86.ActiveCfg = Debug|Win32
		{A67D6A4A-3D9B-4496-B44B-D9D2FA152F0B}.Debug|x86.Build.0 = Debug|Win32
		{A67D6A4A-3D9B-4496-B44B-D9D2FA152F0B}.Release|x64.ActiveCfg = Release|x64
		{A67D6A4A-3D9B-4496-B44B-D9D2FA152F0B}.Release|x64.Build.0 = Release|x64
		{A67D6A4A-3D9B-4496-B44B-D9D2FA152F0B}.Release|x86.ActiveCfg = Release|Win32
		{A67D6A4A-3D9B-4496-B44B-D9D2FA152F0B}.Release|x86.Build.0 = Release|Win32
		{412B2EF4-0AD8-4B1A-8D92-A90D152FCB51}.Debug|x64.ActiveCfg = Debug|x64
		{412B2EF4-0AD8-4B1A-8D92-A90D152FCB51}.Debug|x64.Build.0 = Debug|x64
		{412B2EF4-0AD8-4B1A-8D92-A90D152FCB51}.Debug|x86.ActiveCfg = Debug|Win32
		{412B2EF4-0AD8-4B1A-8D92-A90D152FCB51}.Debug|x86.Build.0 = Debug|Win32
		{412B2EF4-0AD8-4B1A-8D92-A90D152FCB51}.Release|x64.ActiveCfg = Release|x64
		{412B2EF4-0AD8-4B1A-8D92-A90D152FCB51}.Release|x64.Build.0 = Release|x64
		{412B2EF4-0AD8-4B1A-8D92-A90D152FCB51}.Release|x86.ActiveCfg = Release|Win32
		{412B2EF4-0AD8-4B1A-8D92-A90D152FCB51}.Release|x86.Build.0 = Release|Win32
		{0D6D2808-6060-481A-90A5-CD103D51B529}.Debug|x64.ActiveCfg = Debug|x64
		{0D6D2808-6060-481A-90A5-CD103D51B529}.Debug|x64.Build.0 = Debug|x64
		{0D6D2808-6060-481A-90A5-CD103D51B529}.Debug|x86.ActiveCfg = Debug|Win32
		{0D6D2808-6060-481A-90A5-CD103D51B529}.Debug|x86.Build.0 = Debug|Win32
		{0D6D2808-6060-481A-90A5-CD103D51B529}.Release|x64.ActiveCfg = Release|x64
		{0D6D2808-6060-481A-90A5-CD103D51B529}.Release|x64.Build.0 = Release|x64
		{0D6D2808-6060-481A-90A5-CD103D51B529}.Release|x86.ActiveCfg = Release|Win32
		{0D6D2808-6060-481A-90A5-CD103D51B529}.Release|x86.Build.0 = Release|Win32
		{6D70EADB-CA6D-424E-8EEE-04532A05F591}.Debug|x64.ActiveCfg = Debug|x64
		{6D70EADB-CA6D-424E-8EEE-04532A05F591}.Debug|x64.Build.0 = Debug|x64
		{6D70EADB-CA6D-424E-8EEE-04532A05F591}.Debug|x86.ActiveCfg = Debug|Win32
		{6D70EADB-CA6D-424E-8EEE-04532A05F591}.Debug|x86.Build.0 = Debug|Win32
		{6D70EADB-CA6D-424E-8EEE-04532A05F591}.Release|x64.ActiveCfg = Release|x64
		{6D70EADB-CA6D-424E-8EEE-04532A05F591}.Release|x64.Build.0 = Release|x64
		{6D70EADB-CA6D-424E-8EEE-04532A05F591}.Release|x86.ActiveCfg = Release|Win32
		{6D70EADB-CA6D-424E-8EEE-04532A05F591}.Release|x86.Build.0 = Release|Win32
		{EAEB2341-5BCF-4D0B-B1FB-9F1926D9831E}.Debug|x64.ActiveCfg = Debug|x64
		{EAEB2341-5BCF-4D0B-B1FB-9F1926D9831E}.Debug|x64.Build.0 = Debug|x64
		{EAEB2341-5BCF-4D0B-B1FB-9F1926D9831E}.Debug|x86.ActiveCfg = Debug|Win32
		{EAEB2341-5BCF-4D0B-B1FB-9F1926D9831E}.Debug|x86.Build.0 = Debug|Win32
		{EAEB2341-5BCF-4D0B-B1FB-9F1926D9831E}.Release|x64.ActiveCfg = Release|x64
		{EAEB2341-5BCF-4D0B-B1FB-9F1926D9831E}.Release|x64.Build.0 = Release|x64
		{EAEB2341-5BCF-4D0B-B1FB-9F1926D9831E}.Release|x86.ActiveCfg = Release|Win32
		{EAEB2341-5BCF-4D0B-B1FB-9F1926D9831E}.Release|x86.Build.0 = Release|Win32
		{5AF22390-C658-4FB2-93DB-EACF8C7A0E5B}.Debug|x64.ActiveCfg = Debug|x64
		{5AF22390-C658-4FB2-93DB-EACF8C7A0E5B}.Debug|x64.Build.0 = Debug|x64
		{5AF22390-C658-4FB2-93DB-EACF8C7A0E5B}.Debug|x86.ActiveCfg = Debug|Win32
		{5AF22390-C658-4FB2-93DB-EACF8C7A0E5B}.Debug|x86.Build.0 = Debug|Win32
		{5AF22390-C658-4FB2-93DB-EACF8C7A0E5B}.Release|x64.ActiveCfg = Release|x64
		{5AF22390-C658-4FB2-93DB-EACF8C7A0E5B}.Release|x64.Build.0 = Release|x64
		{5AF22390-C658-4FB2-93DB-EACF8C7A0E5B}.Release|x86.ActiveCfg = Release|Win32
		{5AF22390-C658-4FB2-93DB-EACF8C7A0E5B}.Release|x86.Build.0 = Release|Win32
		{F85B41D4-C886-4AEF-ABEF-1CBF6816417D}.Debug|x64.ActiveCfg = Debug|x64
		{F85B41D4-C886-4AEF-ABEF-1CBF6816417D}.Debug|x64.Build.0 = Debug|x64
		{F85B41D4-C886-4AEF-ABEF-1CBF6816417D}.Debug|x86.ActiveCfg = Debug|Win32
		{F85B41D4-C886-4AEF-ABEF-1CBF6816417D}.Debug|x86.Build.0 = Debug|Win32
		{F85B41D4-C886-4AEF-ABEF-1CBF6816417D}.Release|x64.ActiveCfg = Release|x64
		{F85B41D4-C886-4AEF-ABEF-1CBF6816417D}.Release|x64.Build.0 = Release|x64
		{F85B41D4-C886-4AEF-ABEF-1CBF6816417D}.Release|x86.ActiveCfg = Release|Win32
		{F85B41D4-C886-4AEF-ABEF-1CBF6816417D}.Release|x86.Build.0 = Release|Win32
		{A0980F3C-EE7F-41F5-B96A-D8805BBE8D55}.Debug|x64.ActiveCfg = Debug|x64
		{A0980F3C-EE7F-41F5-B96A-D8805BBE8D55}.Debug|x64.Build.0 = Debug|x64
		{A0980F3C-EE7F-41F5-B96A-D8805BBE8D55}.Debug|x86.ActiveCfg = Debug|Win32
		{A0980F3C-EE7F-41F5-B96A-D8805BBE8D55}.Debug|x86.Build.0 = Debug|Win32
		{A0980F3C-EE7F-41F5-B96A-D8805BBE8D55}.Release|x64.ActiveCfg = Release|x64
		{A0980F3C-EE7F-41F5-B96A-D8805BBE8D55}.Release|x64.Build.0 = Release|x64
		{A0980F3C-EE7F-41F5-B96A-D8805BBE8D55}.Release|x86.ActiveCfg = Release|Win32
		{A0980F3C-EE7F-41F5-B96A-D8805BBE8D55}.Release|x86.Build.0 = Release|Win32
		{863029D2-8955-41FE-90EC-814A5EDEA1E6}.Debug|x64.ActiveCfg = Debug|x64
		{863029D2-8955-41FE-90EC-814A5EDEA1E6}.Debug|x64.Build.0 = Debug|x64
		{863029D2-8955-41FE-90EC-814A5EDEA1E6}.Debug|x86.ActiveCfg = Debug|Win32
		{863029D2-8955-41FE-90EC-814A5EDEA1E6}.Debug|x86.Build.0 = Debug|Win32
		{863029D2-8955-41FE-90EC-814A5EDEA1E6}.Release|x64.ActiveCfg = Release|x64
		{863029D2-8955-41FE-90EC-814A5EDEA1E6}.Release|x64.Build.0 = Release|x64
		{863029D2-8955-41FE-90EC-814A5EDEA1E6}.Release|x86.ActiveCfg = Release|Win32
		{863029D2-8955-41FE-90EC-814A5EDEA1E6}.Release|x86.Build.0 = Release|Win32
		{5BB31B89-265A-4EB6-A50A-FCE7CF3CE34D}.Debug|x64.ActiveCfg = Debug|x64
		{5BB31B89-265A-4EB6-A50A-FCE7CF3CE34D}.Debug|x64.Build.0 = Debug|x64
		{5BB31B89-265A-4EB6-A50A-FCE7CF3CE34D}.Debug|x86.ActiveCfg = Debug|Win32
		{5BB31B89-265A-4EB6-A50A-FCE7CF3CE34D}.Debug|x86.Build.0 = Debug|Win32
		{5BB31B89-265A-4EB6-A50A-FCE7CF3CE34D}.Release|x64.ActiveCfg = Release|x64
		{5BB31B89-265A-4EB6-A50A-FCE7CF3CE34D}.Release|x64.Build.0 = Release|x64
		{5BB31B89-265A-4EB6-A50A-FCE7CF3CE34D}.Release|x86.ActiveCfg = Release|Win32
		{5BB31B89-265A-4EB6-A50A-FCE7CF3CE34D}.Release|x86.Build.0 = Release|Win32
		{0C880521-E435-4525-9B6E-39CDAB558E99}.Debug|x64.ActiveCfg = Debug|x64
		{0C880521-E435-4525-9B6E-39CDAB558E99}.Debug|x64.Build.0 = Debug|x64
		{0C880521-E435-4525-9B6E-39CDAB558E99}.Debug|x86.ActiveCfg = Debug|Win32
		{0C880521-E435-4525-9B6E-39CDAB558E99}.Debug|x86.Build.0 = Debug|Win32
		{0C880521-E435-4525-9B6E-39CDAB558E99}.Release|x64.ActiveCfg = Release|x64
		{0C880521-E435-4525-9B6E-39CDAB558E99}.Release|x64.Build.0 = Release|x64
		{0C880521-E435-4525-9B6E-39CDAB558E99}.Release|x86.ActiveCfg = Release|Win32
		{0C880521-E435-4525-9B6E-39CDAB558E99}.Release|x86.Build.0 = Release|Win32
		{B5899E9C-23DC-4D95-A10F-1B51D9EA18B3}.Debug|x64.ActiveCfg = Debug|x64
		{B5899E9C-23DC-4D95-A10F-1B51D9EA18B3}.Debug|x64.Build.0 = Debug|x64
		{B5899E9C-23DC-4D95-A10F-1B51D9EA18B3}.Debug|x86.ActiveCfg = Debug|Win32
		{B5899E9C-23DC-4D95-A10F-1B51D9EA18B3}.Debug|x86.Build.0 = Debug|Win32
		{B5899E9C-23DC-4D95-A10F-1B51D9EA18B3}.Release|x64.ActiveCfg = Release|x64
		{B5899E9C-23DC-4D95-A10F-1B51D9EA18B3}.Release|x64.Build.0 = Release|x64
		{B5899E9C-23DC-4D95-A10F-1B51D9EA18B3}.Release|x86.ActiveCfg = Release|Win32
		{B5899E9C-23DC-4D95-A10F-1B51D9EA18B3}.Release|x86.Build.0 = Release|Win32
		{E654A420-1720-4849-94D5-EEC604E79DAC}.Debug|x64.ActiveCfg = Debug|x64
		{E654A420-1720-4849-94D5-EEC604E79DAC}.Debug|x64.Build.0 = Debug|x64
		{E654A420-1720-4849-94D5-EEC604E79DAC}.Debug|x86.ActiveCfg = Debug|Win32
		{E654A420-1720-4849-94D5-EEC604E79DAC}.Debug|x86.Build.0 = Debug|Win32
		{E654A420-1720-4849-94D5-EEC604E79DAC}.Release|x64.ActiveCfg = Release|x64
		{E654A420-1720-4849-94D5-EEC604E79DAC}.Release|x64.Build.0 = Release|x64
		{E654A420-1720-4849-94D5-EEC604E79DAC}.Release|x86.ActiveCfg = Release|Win32
		{E654A420-1720-4849-94D5-EEC604E79DAC}.Release|x86.Build.0 = Release|Win32
		{43136065-6190-4EA8-B34E-ABC054686120}.Debug|x64.ActiveCfg = Debug|x64
		{43136065-6190-4EA8-B34E-ABC054686120}.Debug|x64.Build.0 = Debug|x64
		{43136065-6190-4EA8-B34E-ABC054686120}.Debug|x86.ActiveCfg = Debug|Win32
		{43136065-6190-4EA8-B34E-ABC054686120}.Debug|x86.Build.0 = Debug|Win32
		{43136065-6190-4EA8-B34E-ABC054686120}.Release|x64.ActiveCfg = Release|x64
		{43136065-6190-4EA8-B34E-ABC054686120}.Release|x64.Build.0 = Release|x64
		{43136065-6190-4EA8-B34E-ABC054686120}.Release|x86.ActiveCfg = Release|Win32
		{43136065-6190-4EA8-B34E-ABC054686120}.Release|x86.Build.0 = Release|Win32
		{32063D4C-EEB3-49ED-8A24-515276858C27}.Debug|x64.ActiveCfg = Debug|x64
		{32063D4C-EEB3-49ED-8A24-515276858C27}.Debug|x64.Build.0 = Debug|x64
		{32063D4C-EEB3-49ED-8A24-515276858C27}.Debug|x86.ActiveCfg = Debug|Win32
		{32063D4C-EEB3-49ED-8A24-515276858C27}.Debug|x86.Build.0 = Debug|Win32
		{32063D4C-EEB3-49ED-8A24-515276858C27}.Release|x64.ActiveCfg = Release|x64
		{32063D4C-EEB3-49ED-8A24-515276858C27}.Release|x64.Build.0 = Release|x64
		{32063D4C-EEB3-49ED-8A24-515276858C27}.Release|x86.ActiveCfg = Release|Win32
		{32063D4C-EEB3-49ED-8A24-515276858C27}.Release|x86.Build.0 = Release|Win32
		{E6E392A7-9285-4A3D-BB58-15821DF18B24}.Debug|x64.ActiveCfg = Debug|x64
		{E6E392A7-9285-4A3D-BB58-15821DF18B24}.Debug|x64.Build.0 = Debug|x64
		{E6E392A7-9285-4A3D-BB58-15821DF18B24}.Debug|x86.ActiveCfg = Debug|Win32
		{E6E392A7-9285-4A3D-BB58-15821DF18B24}.Debug|x86.Build.0 = Debug|Win32
		{E6E392A7-9285-4A3D-BB58-15821DF18B24}.Release|x64.ActiveCfg = Release|x64
		{E6E392A7-9285-4A3D-BB58-15821DF18B24}.Release|x64.Build.0 = Release|x64
		{E6E392A7-9285-4A3D-BB58-15821DF18B24}.Release|x86.ActiveCfg = Release|Win32
		{E6E392A7-9285-4A3D-BB58-15821DF18B24}.Release|x86.Build.0 = Release|Win32
		{E8967320-B56B-45BE-8054-C211698941DE}.Debug|x64.ActiveCfg = Debug|x64
		{E8967320-B56B-45BE-8054-C211698941DE}.Debug|x64.Build.0 = Debug|x64
		{E8967320-B56B-45BE-8054-C211698941DE}.Debug|x86.ActiveCfg = Debug|Win32
		{E8967320-B56B-45BE-8054-C211698941DE}.Debug|x86.Build.0 = Debug|Win32
		{E8967320-B56B-45BE-8054-C211698941DE}.Release|x64.ActiveCfg = Release|x64
		{E8967320-B56B-45BE-8054-C211698941DE}.Release|x64.Build.0 = Release|x64
		{E8967320-B56B-45BE-8054-C211698941DE}.Release|x86.ActiveCfg = Release|Win32
		{E8967320-B56B-45BE-8054-C211698941DE}.Release|x86.Build.0 = Release|Win32
		{72450DAA-B1B8-400C-9472-A89C807A864F}.Debug|x64.ActiveCfg = Debug|x64
		{72450DAA-B1B8-400C-9472-A89C807A864F}.Debug|x64.Build.0 = Debug|x64
		{72450DAA-B1B8-400C-9472-A89C807A864F}.Debug|x86.ActiveCfg = Debug|Win32
		{72450DAA-B1B8-400C-9472-A89C807A864F}.Debug|x86.Build.0 = Debug|Win32
		{72450DAA-B1B8-400C-9472-A89C807A864F}.Release|x64.ActiveCfg = Release|x64
		{72450DAA-B1B8-400C-9472-A89C807A864F}.Release|x64.Build.0 = Release|x64
		{72450DAA-B1B8-400C-9472-A89C807A864F}.Release|x86.ActiveCfg = Release|Win32
		{72450DAA-B1B8-400C-9472-A89C807A864F}.Release|x86.Build.0 = Release|Win32
	EndGlobalSection
	GlobalSection(SolutionProperties) = preSolution
		HideSolutionNode = FALSE
	EndGlobalSection
	GlobalSection(NestedProjects) = preSolution
		{6DC8AB1B-97EB-4FF3-80DA-242710827C0D} = {C02DAF7C-4856-4762-BCC0-897FC18B875E}
		{EC64A6D8-F904-4878-9334-4A65D19ACA2C} = {C02DAF7C-4856-4762-BCC0-897FC18B875E}
		{9F05F029-6258-445D-B104-3D49A16611AE} = {C02DAF7C-4856-4762-BCC0-897FC18B875E}
		{72C440DF-E10E-493F-842C-A7B17319E65D} = {C02DAF7C-4856-4762-BCC0-897FC18B875E}
		{0C880521-E435-4525-9B6E-39CDAB558E99} = {C02DAF7C-4856-4762-BCC0-897FC18B875E}
		{32063D4C-EEB3-49ED-8A24-515276858C27} = {C02DAF7C-4856-4762-BCC0-897FC18B875E}
		{E6E392A7-9285-4A3D-BB58-15821DF18B24} = {C02DAF7C-4856-4762-BCC0-897FC18B875E}
		{E8967320-B56B-45BE-8054-C211698941DE} = {C02DAF7C-4856-4762-BCC0-897FC18B875E}
	EndGlobalSection
EndGlobal
